
Microsoft Visual Studio Solution File, Format Version 12.00
# Visual Studio Version 17
VisualStudioVersion = 17.6.33815.320
MinimumVisualStudioVersion = 10.0.40219.1
Project("{9A19103F-16F7-4668-BE54-9A1E7A4F7556}") = "WorkerServiceMongoIndexer", "WorkerServiceMongoIndexer\WorkerServiceMongoIndexer.csproj", "{88DD7617-9810-4465-A670-9F13B036EAB9}"
EndProject
Project("{9A19103F-16F7-4668-BE54-9A1E7A4F7556}") = "WorkerServiceMongoIndexer.Models", "WorkerServiceMongoIndexer.Models\WorkerServiceMongoIndexer.Models.csproj", "{AE1C7674-F708-457A-82E9-88218872E0AA}"
EndProject
Project("{9A19103F-16F7-4668-BE54-9A1E7A4F7556}") = "WorkerServiceMongoIndexer.Services", "WorkerServiceMongoIndexer.Services\WorkerServiceMongoIndexer.Services.csproj", "{EAE70D5C-6558-43D1-BAD1-2FB6AA9941C3}"
EndProject
Project("{2150E333-8FDC-42A3-9474-1A3956D46DE8}") = "00 -Solution Items", "00 -Solution Items", "{AE8D455A-518B-42EE-96D9-3F532DE879A5}"
	ProjectSection(SolutionItems) = preProject
		..\README.md = ..\README.md
	EndProjectSection
EndProject
Project("{2150E333-8FDC-42A3-9474-1A3956D46DE8}") = "01 - Indexer", "01 - Indexer", "{8A091CC1-913B-4BC6-8D30-6A03E617825A}"
EndProject
Project("{2150E333-8FDC-42A3-9474-1A3956D46DE8}") = "02 - Common", "02 - Common", "{C499A2A7-C044-480E-BF19-549A5435E75A}"
EndProject
Project("{9A19103F-16F7-4668-BE54-9A1E7A4F7556}") = "MongoDBServices", "MongoDBServices\MongoDBServices.csproj", "{57F71F25-FD5C-4274-87ED-23197EBB052B}"
EndProject
Project("{9A19103F-16F7-4668-BE54-9A1E7A4F7556}") = "Search.CogServices", "Search.CogServices\Search.CogServices.csproj", "{19F032A5-62AF-43CB-9BFE-3D4D2B874E0C}"
EndProject
Global
	GlobalSection(SolutionConfigurationPlatforms) = preSolution
		Debug|Any CPU = Debug|Any CPU
		Release|Any CPU = Release|Any CPU
	EndGlobalSection
	GlobalSection(ProjectConfigurationPlatforms) = postSolution
		{88DD7617-9810-4465-A670-9F13B036EAB9}.Debug|Any CPU.ActiveCfg = Debug|Any CPU
		{88DD7617-9810-4465-A670-9F13B036EAB9}.Debug|Any CPU.Build.0 = Debug|Any CPU
		{88DD7617-9810-4465-A670-9F13B036EAB9}.Release|Any CPU.ActiveCfg = Release|Any CPU
		{88DD7617-9810-4465-A670-9F13B036EAB9}.Release|Any CPU.Build.0 = Release|Any CPU
		{AE1C7674-F708-457A-82E9-88218872E0AA}.Debug|Any CPU.ActiveCfg = Debug|Any CPU
		{AE1C7674-F708-457A-82E9-88218872E0AA}.Debug|Any CPU.Build.0 = Debug|Any CPU
		{AE1C7674-F708-457A-82E9-88218872E0AA}.Release|Any CPU.ActiveCfg = Release|Any CPU
		{AE1C7674-F708-457A-82E9-88218872E0AA}.Release|Any CPU.Build.0 = Release|Any CPU
		{EAE70D5C-6558-43D1-BAD1-2FB6AA9941C3}.Debug|Any CPU.ActiveCfg = Debug|Any CPU
		{EAE70D5C-6558-43D1-BAD1-2FB6AA9941C3}.Debug|Any CPU.Build.0 = Debug|Any CPU
		{EAE70D5C-6558-43D1-BAD1-2FB6AA9941C3}.Release|Any CPU.ActiveCfg = Release|Any CPU
		{EAE70D5C-6558-43D1-BAD1-2FB6AA9941C3}.Release|Any CPU.Build.0 = Release|Any CPU
		{57F71F25-FD5C-4274-87ED-23197EBB052B}.Debug|Any CPU.ActiveCfg = Debug|Any CPU
		{57F71F25-FD5C-4274-87ED-23197EBB052B}.Debug|Any CPU.Build.0 = Debug|Any CPU
		{57F71F25-FD5C-4274-87ED-23197EBB052B}.Release|Any CPU.ActiveCfg = Release|Any CPU
		{57F71F25-FD5C-4274-87ED-23197EBB052B}.Release|Any CPU.Build.0 = Release|Any CPU
		{19F032A5-62AF-43CB-9BFE-3D4D2B874E0C}.Debug|Any CPU.ActiveCfg = Debug|Any CPU
		{19F032A5-62AF-43CB-9BFE-3D4D2B874E0C}.Debug|Any CPU.Build.0 = Debug|Any CPU
		{19F032A5-62AF-43CB-9BFE-3D4D2B874E0C}.Release|Any CPU.ActiveCfg = Release|Any CPU
		{19F032A5-62AF-43CB-9BFE-3D4D2B874E0C}.Release|Any CPU.Build.0 = Release|Any CPU
	EndGlobalSection
	GlobalSection(SolutionProperties) = preSolution
		HideSolutionNode = FALSE
	EndGlobalSection
	GlobalSection(NestedProjects) = preSolution
		{88DD7617-9810-4465-A670-9F13B036EAB9} = {8A091CC1-913B-4BC6-8D30-6A03E617825A}
		{AE1C7674-F708-457A-82E9-88218872E0AA} = {8A091CC1-913B-4BC6-8D30-6A03E617825A}
		{EAE70D5C-6558-43D1-BAD1-2FB6AA9941C3} = {8A091CC1-913B-4BC6-8D30-6A03E617825A}
		{57F71F25-FD5C-4274-87ED-23197EBB052B} = {C499A2A7-C044-480E-BF19-549A5435E75A}
		{19F032A5-62AF-43CB-9BFE-3D4D2B874E0C} = {C499A2A7-C044-480E-BF19-549A5435E75A}
	EndGlobalSection
	GlobalSection(ExtensibilityGlobals) = postSolution
		SolutionGuid = {B64269B0-B70D-450E-9026-C905884FE51A}
	EndGlobalSection
EndGlobal
