
Microsoft Visual Studio Solution File, Format Version 12.00
# Visual Studio Version 17
VisualStudioVersion = 17.3.32901.215
MinimumVisualStudioVersion = 10.0.40219.1
Project("{9A19103F-16F7-4668-BE54-9A1E7A4F7556}") = "Hotel.Web", "Hotel.Web\Hotel.Web.csproj", "{B50127FE-BE44-4D57-A1EE-11540F6B7EE5}"
EndProject
Project("{FAE04EC0-301F-11D3-BF4B-00C04F79EFBC}") = "Hotel.Models", "Hotel.Models\Hotel.Models.csproj", "{531B86C9-313C-47DA-B37A-FDF46B882EFB}"
EndProject
Project("{FAE04EC0-301F-11D3-BF4B-00C04F79EFBC}") = "Hotel.Services", "Hotel.Services\Hotel.Services.csproj", "{D332C9C3-56D0-484C-8D78-EA88E26D5122}"
EndProject
Global
	GlobalSection(SolutionConfigurationPlatforms) = preSolution
		Debug|Any CPU = Debug|Any CPU
		Release|Any CPU = Release|Any CPU
	EndGlobalSection
	GlobalSection(ProjectConfigurationPlatforms) = postSolution
		{B50127FE-BE44-4D57-A1EE-11540F6B7EE5}.Debug|Any CPU.ActiveCfg = Debug|Any CPU
		{B50127FE-BE44-4D57-A1EE-11540F6B7EE5}.Debug|Any CPU.Build.0 = Debug|Any CPU
		{B50127FE-BE44-4D57-A1EE-11540F6B7EE5}.Release|Any CPU.ActiveCfg = Release|Any CPU
		{B50127FE-BE44-4D57-A1EE-11540F6B7EE5}.Release|Any CPU.Build.0 = Release|Any CPU
		{531B86C9-313C-47DA-B37A-FDF46B882EFB}.Debug|Any CPU.ActiveCfg = Debug|Any CPU
		{531B86C9-313C-47DA-B37A-FDF46B882EFB}.Debug|Any CPU.Build.0 = Debug|Any CPU
		{531B86C9-313C-47DA-B37A-FDF46B882EFB}.Release|Any CPU.ActiveCfg = Release|Any CPU
		{531B86C9-313C-47DA-B37A-FDF46B882EFB}.Release|Any CPU.Build.0 = Release|Any CPU
		{D332C9C3-56D0-484C-8D78-EA88E26D5122}.Debug|Any CPU.ActiveCfg = Debug|Any CPU
		{D332C9C3-56D0-484C-8D78-EA88E26D5122}.Debug|Any CPU.Build.0 = Debug|Any CPU
		{D332C9C3-56D0-484C-8D78-EA88E26D5122}.Release|Any CPU.ActiveCfg = Release|Any CPU
		{D332C9C3-56D0-484C-8D78-EA88E26D5122}.Release|Any CPU.Build.0 = Release|Any CPU
	EndGlobalSection
	GlobalSection(SolutionProperties) = preSolution
		HideSolutionNode = FALSE
	EndGlobalSection
	GlobalSection(ExtensibilityGlobals) = postSolution
		SolutionGuid = {4CD66042-3D24-4BE8-897D-800C90D29CF5}
	EndGlobalSection
EndGlobal
