
Microsoft Visual Studio Solution File, Format Version 12.00
# Visual Studio Version 17
VisualStudioVersion = 17.3.32901.215
MinimumVisualStudioVersion = 10.0.40219.1
Project("{9A19103F-16F7-4668-BE54-9A1E7A4F7556}") = "Search.Web", "Search.Web\Search.Web.csproj", "{B50127FE-BE44-4D57-A1EE-11540F6B7EE5}"
EndProject
Project("{9A19103F-16F7-4668-BE54-9A1E7A4F7556}") = "Search.Model", "Search.Model\Search.Model.csproj", "{B221F9EE-3A25-494B-9667-51D95C60707F}"
EndProject
Project("{9A19103F-16F7-4668-BE54-9A1E7A4F7556}") = "Search.Services", "Search.Services\Search.Services.csproj", "{40CEA9E4-537F-4E38-A660-ECB1F0ADD8DA}"
EndProject
Project("{9A19103F-16F7-4668-BE54-9A1E7A4F7556}") = "Search.Repositories", "Search.Repositories\Search.Repositories.csproj", "{468727BA-30FC-4112-8FB8-675AA5D51078}"
EndProject
Project("{9A19103F-16F7-4668-BE54-9A1E7A4F7556}") = "Search.CogServices", "Search.CogServices\Search.CogServices.csproj", "{C3C56D00-F3DA-49D6-8912-1C31AB4A3947}"
EndProject
Project("{9A19103F-16F7-4668-BE54-9A1E7A4F7556}") = "Search.CogServices.UnitTests", "Search.CogServices.UnitTests\Search.CogServices.UnitTests.csproj", "{76FA574F-B9C2-41BE-9A52-A364E8C0FE2F}"
EndProject
Project("{2150E333-8FDC-42A3-9474-1A3956D46DE8}") = "03 - UnitTests", "03 - UnitTests", "{CFEE2B87-AEAB-4971-822B-EA4726FD906C}"
EndProject
Project("{2150E333-8FDC-42A3-9474-1A3956D46DE8}") = "01 - Web API", "01 - Web API", "{4BEC6D7C-B662-4174-AED0-34D9AC28835F}"
EndProject
Project("{2150E333-8FDC-42A3-9474-1A3956D46DE8}") = "02 - Core", "02 - Core", "{C3532366-92A1-417A-8386-780A6643866C}"
EndProject
Project("{9A19103F-16F7-4668-BE54-9A1E7A4F7556}") = "Search.Services.UnitTests", "Search.Services.UnitTests\Search.Services.UnitTests.csproj", "{1867F903-EDEB-47A2-AB01-7368FF004DBA}"
EndProject
Project("{9A19103F-16F7-4668-BE54-9A1E7A4F7556}") = "Search.Web.UnitTests", "Search.Web.UnitTests\Search.Web.UnitTests.csproj", "{3D2E416B-DE4B-4405-A464-E82187C175F5}"
EndProject
Project("{2150E333-8FDC-42A3-9474-1A3956D46DE8}") = "00 - Solution Items", "00 - Solution Items", "{5F3E9488-F34B-49E3-9550-9C6EDF1DCFA9}"
	ProjectSection(SolutionItems) = preProject
		..\README.md = ..\README.md
		..\Search.Web (Azure Search).postman_collection.json = ..\Search.Web (Azure Search).postman_collection.json
	EndProjectSection
EndProject
Global
	GlobalSection(SolutionConfigurationPlatforms) = preSolution
		Debug|Any CPU = Debug|Any CPU
		Release|Any CPU = Release|Any CPU
	EndGlobalSection
	GlobalSection(ProjectConfigurationPlatforms) = postSolution
		{B50127FE-BE44-4D57-A1EE-11540F6B7EE5}.Debug|Any CPU.ActiveCfg = Debug|Any CPU
		{B50127FE-BE44-4D57-A1EE-11540F6B7EE5}.Debug|Any CPU.Build.0 = Debug|Any CPU
		{B50127FE-BE44-4D57-A1EE-11540F6B7EE5}.Release|Any CPU.ActiveCfg = Release|Any CPU
		{B50127FE-BE44-4D57-A1EE-11540F6B7EE5}.Release|Any CPU.Build.0 = Release|Any CPU
		{B221F9EE-3A25-494B-9667-51D95C60707F}.Debug|Any CPU.ActiveCfg = Debug|Any CPU
		{B221F9EE-3A25-494B-9667-51D95C60707F}.Debug|Any CPU.Build.0 = Debug|Any CPU
		{B221F9EE-3A25-494B-9667-51D95C60707F}.Release|Any CPU.ActiveCfg = Release|Any CPU
		{B221F9EE-3A25-494B-9667-51D95C60707F}.Release|Any CPU.Build.0 = Release|Any CPU
		{40CEA9E4-537F-4E38-A660-ECB1F0ADD8DA}.Debug|Any CPU.ActiveCfg = Debug|Any CPU
		{40CEA9E4-537F-4E38-A660-ECB1F0ADD8DA}.Debug|Any CPU.Build.0 = Debug|Any CPU
		{40CEA9E4-537F-4E38-A660-ECB1F0ADD8DA}.Release|Any CPU.ActiveCfg = Release|Any CPU
		{40CEA9E4-537F-4E38-A660-ECB1F0ADD8DA}.Release|Any CPU.Build.0 = Release|Any CPU
		{468727BA-30FC-4112-8FB8-675AA5D51078}.Debug|Any CPU.ActiveCfg = Debug|Any CPU
		{468727BA-30FC-4112-8FB8-675AA5D51078}.Debug|Any CPU.Build.0 = Debug|Any CPU
		{468727BA-30FC-4112-8FB8-675AA5D51078}.Release|Any CPU.ActiveCfg = Release|Any CPU
		{468727BA-30FC-4112-8FB8-675AA5D51078}.Release|Any CPU.Build.0 = Release|Any CPU
		{C3C56D00-F3DA-49D6-8912-1C31AB4A3947}.Debug|Any CPU.ActiveCfg = Debug|Any CPU
		{C3C56D00-F3DA-49D6-8912-1C31AB4A3947}.Debug|Any CPU.Build.0 = Debug|Any CPU
		{C3C56D00-F3DA-49D6-8912-1C31AB4A3947}.Release|Any CPU.ActiveCfg = Release|Any CPU
		{C3C56D00-F3DA-49D6-8912-1C31AB4A3947}.Release|Any CPU.Build.0 = Release|Any CPU
		{76FA574F-B9C2-41BE-9A52-A364E8C0FE2F}.Debug|Any CPU.ActiveCfg = Debug|Any CPU
		{76FA574F-B9C2-41BE-9A52-A364E8C0FE2F}.Debug|Any CPU.Build.0 = Debug|Any CPU
		{76FA574F-B9C2-41BE-9A52-A364E8C0FE2F}.Release|Any CPU.ActiveCfg = Release|Any CPU
		{76FA574F-B9C2-41BE-9A52-A364E8C0FE2F}.Release|Any CPU.Build.0 = Release|Any CPU
		{1867F903-EDEB-47A2-AB01-7368FF004DBA}.Debug|Any CPU.ActiveCfg = Debug|Any CPU
		{1867F903-EDEB-47A2-AB01-7368FF004DBA}.Debug|Any CPU.Build.0 = Debug|Any CPU
		{1867F903-EDEB-47A2-AB01-7368FF004DBA}.Release|Any CPU.ActiveCfg = Release|Any CPU
		{1867F903-EDEB-47A2-AB01-7368FF004DBA}.Release|Any CPU.Build.0 = Release|Any CPU
		{3D2E416B-DE4B-4405-A464-E82187C175F5}.Debug|Any CPU.ActiveCfg = Debug|Any CPU
		{3D2E416B-DE4B-4405-A464-E82187C175F5}.Debug|Any CPU.Build.0 = Debug|Any CPU
		{3D2E416B-DE4B-4405-A464-E82187C175F5}.Release|Any CPU.ActiveCfg = Release|Any CPU
		{3D2E416B-DE4B-4405-A464-E82187C175F5}.Release|Any CPU.Build.0 = Release|Any CPU
	EndGlobalSection
	GlobalSection(SolutionProperties) = preSolution
		HideSolutionNode = FALSE
	EndGlobalSection
	GlobalSection(NestedProjects) = preSolution
		{B50127FE-BE44-4D57-A1EE-11540F6B7EE5} = {4BEC6D7C-B662-4174-AED0-34D9AC28835F}
		{B221F9EE-3A25-494B-9667-51D95C60707F} = {C3532366-92A1-417A-8386-780A6643866C}
		{40CEA9E4-537F-4E38-A660-ECB1F0ADD8DA} = {C3532366-92A1-417A-8386-780A6643866C}
		{468727BA-30FC-4112-8FB8-675AA5D51078} = {C3532366-92A1-417A-8386-780A6643866C}
		{C3C56D00-F3DA-49D6-8912-1C31AB4A3947} = {C3532366-92A1-417A-8386-780A6643866C}
		{76FA574F-B9C2-41BE-9A52-A364E8C0FE2F} = {CFEE2B87-AEAB-4971-822B-EA4726FD906C}
		{1867F903-EDEB-47A2-AB01-7368FF004DBA} = {CFEE2B87-AEAB-4971-822B-EA4726FD906C}
		{3D2E416B-DE4B-4405-A464-E82187C175F5} = {CFEE2B87-AEAB-4971-822B-EA4726FD906C}
	EndGlobalSection
	GlobalSection(ExtensibilityGlobals) = postSolution
		SolutionGuid = {4CD66042-3D24-4BE8-897D-800C90D29CF5}
	EndGlobalSection
EndGlobal
