
Microsoft Visual Studio Solution File, Format Version 12.00
# Visual Studio Version 17
VisualStudioVersion = 17.3.32901.215
MinimumVisualStudioVersion = 10.0.40219.1
Project("{9A19103F-16F7-4668-BE54-9A1E7A4F7556}") = "Search.Web", "Search.Web\Search.Web.csproj", "{B50127FE-BE44-4D57-A1EE-11540F6B7EE5}"
EndProject
Project("{FAE04EC0-301F-11D3-BF4B-00C04F79EFBC}") = "Search.Model", "Search.Model\Search.Model.csproj", "{B221F9EE-3A25-494B-9667-51D95C60707F}"
EndProject
Project("{FAE04EC0-301F-11D3-BF4B-00C04F79EFBC}") = "Search.Services", "Search.Services\Search.Services.csproj", "{40CEA9E4-537F-4E38-A660-ECB1F0ADD8DA}"
EndProject
Global
	GlobalSection(SolutionConfigurationPlatforms) = preSolution
		Debug|Any CPU = Debug|Any CPU
		Release|Any CPU = Release|Any CPU
	EndGlobalSection
	GlobalSection(ProjectConfigurationPlatforms) = postSolution
		{B50127FE-BE44-4D57-A1EE-11540F6B7EE5}.Debug|Any CPU.ActiveCfg = Debug|Any CPU
		{B50127FE-BE44-4D57-A1EE-11540F6B7EE5}.Debug|Any CPU.Build.0 = Debug|Any CPU
		{B50127FE-BE44-4D57-A1EE-11540F6B7EE5}.Release|Any CPU.ActiveCfg = Release|Any CPU
		{B50127FE-BE44-4D57-A1EE-11540F6B7EE5}.Release|Any CPU.Build.0 = Release|Any CPU
		{B221F9EE-3A25-494B-9667-51D95C60707F}.Debug|Any CPU.ActiveCfg = Debug|Any CPU
		{B221F9EE-3A25-494B-9667-51D95C60707F}.Debug|Any CPU.Build.0 = Debug|Any CPU
		{B221F9EE-3A25-494B-9667-51D95C60707F}.Release|Any CPU.ActiveCfg = Release|Any CPU
		{B221F9EE-3A25-494B-9667-51D95C60707F}.Release|Any CPU.Build.0 = Release|Any CPU
		{40CEA9E4-537F-4E38-A660-ECB1F0ADD8DA}.Debug|Any CPU.ActiveCfg = Debug|Any CPU
		{40CEA9E4-537F-4E38-A660-ECB1F0ADD8DA}.Debug|Any CPU.Build.0 = Debug|Any CPU
		{40CEA9E4-537F-4E38-A660-ECB1F0ADD8DA}.Release|Any CPU.ActiveCfg = Release|Any CPU
		{40CEA9E4-537F-4E38-A660-ECB1F0ADD8DA}.Release|Any CPU.Build.0 = Release|Any CPU
	EndGlobalSection
	GlobalSection(SolutionProperties) = preSolution
		HideSolutionNode = FALSE
	EndGlobalSection
	GlobalSection(ExtensibilityGlobals) = postSolution
		SolutionGuid = {4CD66042-3D24-4BE8-897D-800C90D29CF5}
	EndGlobalSection
EndGlobal
